
Microsoft Visual Studio Solution File, Format Version 12.00
# Visual Studio 15
VisualStudioVersion = 15.0.26124.0
MinimumVisualStudioVersion = 15.0.26124.0
Project("{FAE04EC0-301F-11D3-BF4B-00C04F79EFBC}") = "Domain", "Domain\Domain.csproj", "{8584ACCA-47EE-4639-A272-8B81C66CE66B}"
EndProject
Project("{FAE04EC0-301F-11D3-BF4B-00C04F79EFBC}") = "Application", "Application\Application.csproj", "{FDDE54F7-FD0B-499F-9733-F2DD948F22E6}"
EndProject
Project("{FAE04EC0-301F-11D3-BF4B-00C04F79EFBC}") = "Persistance", "Persistance\Persistance.csproj", "{74B359DF-74F0-4268-9F1C-B8664A9F01C8}"
EndProject
Project("{FAE04EC0-301F-11D3-BF4B-00C04F79EFBC}") = "API", "API\API.csproj", "{DBF4663D-F19B-479B-B676-3B9F045E0AC6}"
EndProject
Global
	GlobalSection(SolutionConfigurationPlatforms) = preSolution
		Debug|Any CPU = Debug|Any CPU
		Debug|x64 = Debug|x64
		Debug|x86 = Debug|x86
		Release|Any CPU = Release|Any CPU
		Release|x64 = Release|x64
		Release|x86 = Release|x86
	EndGlobalSection
	GlobalSection(SolutionProperties) = preSolution
		HideSolutionNode = FALSE
	EndGlobalSection
	GlobalSection(ProjectConfigurationPlatforms) = postSolution
		{8584ACCA-47EE-4639-A272-8B81C66CE66B}.Debug|Any CPU.ActiveCfg = Debug|Any CPU
		{8584ACCA-47EE-4639-A272-8B81C66CE66B}.Debug|Any CPU.Build.0 = Debug|Any CPU
		{8584ACCA-47EE-4639-A272-8B81C66CE66B}.Debug|x64.ActiveCfg = Debug|Any CPU
		{8584ACCA-47EE-4639-A272-8B81C66CE66B}.Debug|x64.Build.0 = Debug|Any CPU
		{8584ACCA-47EE-4639-A272-8B81C66CE66B}.Debug|x86.ActiveCfg = Debug|Any CPU
		{8584ACCA-47EE-4639-A272-8B81C66CE66B}.Debug|x86.Build.0 = Debug|Any CPU
		{8584ACCA-47EE-4639-A272-8B81C66CE66B}.Release|Any CPU.ActiveCfg = Release|Any CPU
		{8584ACCA-47EE-4639-A272-8B81C66CE66B}.Release|Any CPU.Build.0 = Release|Any CPU
		{8584ACCA-47EE-4639-A272-8B81C66CE66B}.Release|x64.ActiveCfg = Release|Any CPU
		{8584ACCA-47EE-4639-A272-8B81C66CE66B}.Release|x64.Build.0 = Release|Any CPU
		{8584ACCA-47EE-4639-A272-8B81C66CE66B}.Release|x86.ActiveCfg = Release|Any CPU
		{8584ACCA-47EE-4639-A272-8B81C66CE66B}.Release|x86.Build.0 = Release|Any CPU
		{FDDE54F7-FD0B-499F-9733-F2DD948F22E6}.Debug|Any CPU.ActiveCfg = Debug|Any CPU
		{FDDE54F7-FD0B-499F-9733-F2DD948F22E6}.Debug|Any CPU.Build.0 = Debug|Any CPU
		{FDDE54F7-FD0B-499F-9733-F2DD948F22E6}.Debug|x64.ActiveCfg = Debug|Any CPU
		{FDDE54F7-FD0B-499F-9733-F2DD948F22E6}.Debug|x64.Build.0 = Debug|Any CPU
		{FDDE54F7-FD0B-499F-9733-F2DD948F22E6}.Debug|x86.ActiveCfg = Debug|Any CPU
		{FDDE54F7-FD0B-499F-9733-F2DD948F22E6}.Debug|x86.Build.0 = Debug|Any CPU
		{FDDE54F7-FD0B-499F-9733-F2DD948F22E6}.Release|Any CPU.ActiveCfg = Release|Any CPU
		{FDDE54F7-FD0B-499F-9733-F2DD948F22E6}.Release|Any CPU.Build.0 = Release|Any CPU
		{FDDE54F7-FD0B-499F-9733-F2DD948F22E6}.Release|x64.ActiveCfg = Release|Any CPU
		{FDDE54F7-FD0B-499F-9733-F2DD948F22E6}.Release|x64.Build.0 = Release|Any CPU
		{FDDE54F7-FD0B-499F-9733-F2DD948F22E6}.Release|x86.ActiveCfg = Release|Any CPU
		{FDDE54F7-FD0B-499F-9733-F2DD948F22E6}.Release|x86.Build.0 = Release|Any CPU
		{74B359DF-74F0-4268-9F1C-B8664A9F01C8}.Debug|Any CPU.ActiveCfg = Debug|Any CPU
		{74B359DF-74F0-4268-9F1C-B8664A9F01C8}.Debug|Any CPU.Build.0 = Debug|Any CPU
		{74B359DF-74F0-4268-9F1C-B8664A9F01C8}.Debug|x64.ActiveCfg = Debug|Any CPU
		{74B359DF-74F0-4268-9F1C-B8664A9F01C8}.Debug|x64.Build.0 = Debug|Any CPU
		{74B359DF-74F0-4268-9F1C-B8664A9F01C8}.Debug|x86.ActiveCfg = Debug|Any CPU
		{74B359DF-74F0-4268-9F1C-B8664A9F01C8}.Debug|x86.Build.0 = Debug|Any CPU
		{74B359DF-74F0-4268-9F1C-B8664A9F01C8}.Release|Any CPU.ActiveCfg = Release|Any CPU
		{74B359DF-74F0-4268-9F1C-B8664A9F01C8}.Release|Any CPU.Build.0 = Release|Any CPU
		{74B359DF-74F0-4268-9F1C-B8664A9F01C8}.Release|x64.ActiveCfg = Release|Any CPU
		{74B359DF-74F0-4268-9F1C-B8664A9F01C8}.Release|x64.Build.0 = Release|Any CPU
		{74B359DF-74F0-4268-9F1C-B8664A9F01C8}.Release|x86.ActiveCfg = Release|Any CPU
		{74B359DF-74F0-4268-9F1C-B8664A9F01C8}.Release|x86.Build.0 = Release|Any CPU
		{DBF4663D-F19B-479B-B676-3B9F045E0AC6}.Debug|Any CPU.ActiveCfg = Debug|Any CPU
		{DBF4663D-F19B-479B-B676-3B9F045E0AC6}.Debug|Any CPU.Build.0 = Debug|Any CPU
		{DBF4663D-F19B-479B-B676-3B9F045E0AC6}.Debug|x64.ActiveCfg = Debug|Any CPU
		{DBF4663D-F19B-479B-B676-3B9F045E0AC6}.Debug|x64.Build.0 = Debug|Any CPU
		{DBF4663D-F19B-479B-B676-3B9F045E0AC6}.Debug|x86.ActiveCfg = Debug|Any CPU
		{DBF4663D-F19B-479B-B676-3B9F045E0AC6}.Debug|x86.Build.0 = Debug|Any CPU
		{DBF4663D-F19B-479B-B676-3B9F045E0AC6}.Release|Any CPU.ActiveCfg = Release|Any CPU
		{DBF4663D-F19B-479B-B676-3B9F045E0AC6}.Release|Any CPU.Build.0 = Release|Any CPU
		{DBF4663D-F19B-479B-B676-3B9F045E0AC6}.Release|x64.ActiveCfg = Release|Any CPU
		{DBF4663D-F19B-479B-B676-3B9F045E0AC6}.Release|x64.Build.0 = Release|Any CPU
		{DBF4663D-F19B-479B-B676-3B9F045E0AC6}.Release|x86.ActiveCfg = Release|Any CPU
		{DBF4663D-F19B-479B-B676-3B9F045E0AC6}.Release|x86.Build.0 = Release|Any CPU
	EndGlobalSection
EndGlobal
